
Microsoft Visual Studio Solution File, Format Version 12.00
# Visual Studio Version 17
VisualStudioVersion = 17.5.33516.290
MinimumVisualStudioVersion = 10.0.40219.1
Project("{FAE04EC0-301F-11D3-BF4B-00C04F79EFBC}") = "APIToDoList", "APIToDoList.csproj", "{CFC94CB3-04DF-4C98-94B4-478BA7D69BED}"
EndProject
Global
	GlobalSection(SolutionConfigurationPlatforms) = preSolution
		Debug|Any CPU = Debug|Any CPU
		Release|Any CPU = Release|Any CPU
	EndGlobalSection
	GlobalSection(ProjectConfigurationPlatforms) = postSolution
		{CFC94CB3-04DF-4C98-94B4-478BA7D69BED}.Debug|Any CPU.ActiveCfg = Debug|Any CPU
		{CFC94CB3-04DF-4C98-94B4-478BA7D69BED}.Debug|Any CPU.Build.0 = Debug|Any CPU
		{CFC94CB3-04DF-4C98-94B4-478BA7D69BED}.Release|Any CPU.ActiveCfg = Release|Any CPU
		{CFC94CB3-04DF-4C98-94B4-478BA7D69BED}.Release|Any CPU.Build.0 = Release|Any CPU
	EndGlobalSection
	GlobalSection(SolutionProperties) = preSolution
		HideSolutionNode = FALSE
	EndGlobalSection
	GlobalSection(ExtensibilityGlobals) = postSolution
		SolutionGuid = {6B03E764-5DC6-495F-9449-65770279E0D9}
	EndGlobalSection
EndGlobal
